
Microsoft Visual Studio Solution File, Format Version 12.00
# Visual Studio Version 17
VisualStudioVersion = 17.9.34728.123
MinimumVisualStudioVersion = 10.0.40219.1
Project("{9A19103F-16F7-4668-BE54-9A1E7A4F7556}") = "NicolasCasamenSolucion", "NicolasCasamenSolucion.csproj", "{C1048D8F-B310-49BC-A898-32EF0A58A44C}"
EndProject
Project("{FAE04EC0-301F-11D3-BF4B-00C04F79EFBC}") = "NicolasCasamenSolucionAPI", "..\NicolasCasamenSolucionAPI\NicolasCasamenSolucionAPI.csproj", "{BF5D1E50-0955-4D93-B6F6-EA2EEA2993E3}"
EndProject
Global
	GlobalSection(SolutionConfigurationPlatforms) = preSolution
		Debug|Any CPU = Debug|Any CPU
		Release|Any CPU = Release|Any CPU
	EndGlobalSection
	GlobalSection(ProjectConfigurationPlatforms) = postSolution
		{C1048D8F-B310-49BC-A898-32EF0A58A44C}.Debug|Any CPU.ActiveCfg = Debug|Any CPU
		{C1048D8F-B310-49BC-A898-32EF0A58A44C}.Debug|Any CPU.Build.0 = Debug|Any CPU
		{C1048D8F-B310-49BC-A898-32EF0A58A44C}.Release|Any CPU.ActiveCfg = Release|Any CPU
		{C1048D8F-B310-49BC-A898-32EF0A58A44C}.Release|Any CPU.Build.0 = Release|Any CPU
		{BF5D1E50-0955-4D93-B6F6-EA2EEA2993E3}.Debug|Any CPU.ActiveCfg = Debug|Any CPU
		{BF5D1E50-0955-4D93-B6F6-EA2EEA2993E3}.Debug|Any CPU.Build.0 = Debug|Any CPU
		{BF5D1E50-0955-4D93-B6F6-EA2EEA2993E3}.Release|Any CPU.ActiveCfg = Release|Any CPU
		{BF5D1E50-0955-4D93-B6F6-EA2EEA2993E3}.Release|Any CPU.Build.0 = Release|Any CPU
	EndGlobalSection
	GlobalSection(SolutionProperties) = preSolution
		HideSolutionNode = FALSE
	EndGlobalSection
	GlobalSection(ExtensibilityGlobals) = postSolution
		SolutionGuid = {02071519-9E8E-4977-959B-AE8C7A58481F}
	EndGlobalSection
EndGlobal
